# This file was autogenerated by Stack.
# You should not edit this file by hand.
# For more information, please see the documentation at:
#   https://docs.haskellstack.org/en/stable/lock_files

packages:
- completed:
    cabal-file:
      size: 20130
      sha256: db50b014d6fa544f1344127f587d6f13a60d053ef6c6975e77f4af60cfc43e20
    name: Node
    version: 0.1.0.7
    git: https://github.com/Enecuum/Node
    pantry-tree:
      size: 16829
      sha256: a8d9ce2ba2d90e367af3ffa0d44fc910f585071640f2e19ae0a223ac646324de
    commit: b468fe7a152fbeba1833bc94fbfff1f0069a1877
  original:
    git: https://github.com/Enecuum/Node
    commit: b468fe7a152fbeba1833bc94fbfff1f0069a1877
snapshots:
- completed:
    size: 505335
    url: https://raw.githubusercontent.com/commercialhaskell/stackage-snapshots/master/lts/11/1.yaml
    sha256: 59c853f993e736f430ad20d03eb5441c715d84359c035de906f970841887a8f8
  original: lts-11.1
